# This file is automatically @generated by Poetry 1.4.2 and should not be changed by hand.

[[package]]
name = "azure-functions"
version = "1.13.3"
description = "Azure Functions for Python"
category = "main"
optional = false
python-versions = "*"
files = [
    {file = "azure-functions-1.13.3.tar.gz", hash = "sha256:77f38c90b8eff8708ded4cabdbe0eff40e2da628549fc010061452376cc2e70d"},
    {file = "azure_functions-1.13.3-py3-none-any.whl", hash = "sha256:242b35f47ae2586c7b99480338bb60f8116c4ad53284ac6235da98076d22830c"},
]

[package.extras]
dev = ["coverage", "flake8 (>=4.0.1,<4.1.0)", "flake8-logging-format", "mypy", "pytest", "pytest-cov", "requests (>=2.0.0,<3.0.0)"]

[metadata]
lock-version = "2.0"
python-versions = "^3.10"
content-hash = "23d06c486eba5121e47f727a185bc17b6fb8663cc5ad6535a85a51f70173a3ab"
